
Microsoft Visual Studio Solution File, Format Version 12.00
# Visual Studio 2012
Project("{FAE04EC0-301F-11D3-BF4B-00C04F79EFBC}") = "Appworks", "src\Appworks\Appworks.csproj", "{7559B6B1-F48F-4569-B167-13516C7E70E5}"
EndProject
Project("{2150E333-8FDC-42A3-9474-1A3956D46DE8}") = ".nuget", ".nuget", "{774576E8-7C0C-49A3-B60D-49928BF92A57}"
	ProjectSection(SolutionItems) = preProject
		.nuget\NuGet.Config = .nuget\NuGet.Config
		.nuget\NuGet.exe = .nuget\NuGet.exe
		.nuget\NuGet.targets = .nuget\NuGet.targets
	EndProjectSection
EndProject
Project("{2150E333-8FDC-42A3-9474-1A3956D46DE8}") = "Tests", "Tests", "{F8EF63A9-71F6-434A-B8EB-81754C3E8FD7}"
EndProject
Project("{FAE04EC0-301F-11D3-BF4B-00C04F79EFBC}") = "Appworks.Repositories.Dapper", "src\Appworks.Repositories.Dapper\Appworks.Repositories.Dapper.csproj", "{E6FA5C78-7659-4A56-8C8B-E0AE8D480CC1}"
EndProject
Project("{FAE04EC0-301F-11D3-BF4B-00C04F79EFBC}") = "Appworks.Password", "src\Appworks.Password\Appworks.Password.csproj", "{B8337B0D-9B22-43DE-9D44-F32AE7ACD364}"
EndProject
Project("{FAE04EC0-301F-11D3-BF4B-00C04F79EFBC}") = "Appworks.UnitTests", "tests\Appworks.UnitTests\Appworks.UnitTests.csproj", "{47E28AC1-44B7-4CC4-BDA6-EF2553008464}"
EndProject
Project("{FAE04EC0-301F-11D3-BF4B-00C04F79EFBC}") = "Appworks.UnitTests.Password", "tests\Appworks.UnitTests.Password\Appworks.UnitTests.Password.csproj", "{AA82A1F2-5ABA-4E1D-B276-A53A8EF8E332}"
EndProject
Project("{FAE04EC0-301F-11D3-BF4B-00C04F79EFBC}") = "Appworks.Tasks", "src\Appworks.Tasks\Appworks.Tasks.csproj", "{946DFB1F-A6B3-4A4E-8CDE-0E7432AF9038}"
EndProject
Project("{FAE04EC0-301F-11D3-BF4B-00C04F79EFBC}") = "Appworks.Tasks.Client", "src\Appworks.Tasks.Client\Appworks.Tasks.Client.csproj", "{75642383-EA6D-4E21-AFC0-93FEA4C50413}"
EndProject
Project("{FAE04EC0-301F-11D3-BF4B-00C04F79EFBC}") = "Appworks.Utils", "src\Appworks.Utils\Appworks.Utils.csproj", "{1850DB9F-B2AB-4B8D-9C74-5687D4717C36}"
EndProject
Global
	GlobalSection(SolutionConfigurationPlatforms) = preSolution
		Debug|Any CPU = Debug|Any CPU
		Release|Any CPU = Release|Any CPU
	EndGlobalSection
	GlobalSection(ProjectConfigurationPlatforms) = postSolution
		{7559B6B1-F48F-4569-B167-13516C7E70E5}.Debug|Any CPU.ActiveCfg = Debug|Any CPU
		{7559B6B1-F48F-4569-B167-13516C7E70E5}.Debug|Any CPU.Build.0 = Debug|Any CPU
		{7559B6B1-F48F-4569-B167-13516C7E70E5}.Release|Any CPU.ActiveCfg = Release|Any CPU
		{7559B6B1-F48F-4569-B167-13516C7E70E5}.Release|Any CPU.Build.0 = Release|Any CPU
		{E6FA5C78-7659-4A56-8C8B-E0AE8D480CC1}.Debug|Any CPU.ActiveCfg = Debug|Any CPU
		{E6FA5C78-7659-4A56-8C8B-E0AE8D480CC1}.Debug|Any CPU.Build.0 = Debug|Any CPU
		{E6FA5C78-7659-4A56-8C8B-E0AE8D480CC1}.Release|Any CPU.ActiveCfg = Release|Any CPU
		{E6FA5C78-7659-4A56-8C8B-E0AE8D480CC1}.Release|Any CPU.Build.0 = Release|Any CPU
		{B8337B0D-9B22-43DE-9D44-F32AE7ACD364}.Debug|Any CPU.ActiveCfg = Debug|Any CPU
		{B8337B0D-9B22-43DE-9D44-F32AE7ACD364}.Debug|Any CPU.Build.0 = Debug|Any CPU
		{B8337B0D-9B22-43DE-9D44-F32AE7ACD364}.Release|Any CPU.ActiveCfg = Release|Any CPU
		{B8337B0D-9B22-43DE-9D44-F32AE7ACD364}.Release|Any CPU.Build.0 = Release|Any CPU
		{47E28AC1-44B7-4CC4-BDA6-EF2553008464}.Debug|Any CPU.ActiveCfg = Debug|Any CPU
		{47E28AC1-44B7-4CC4-BDA6-EF2553008464}.Debug|Any CPU.Build.0 = Debug|Any CPU
		{47E28AC1-44B7-4CC4-BDA6-EF2553008464}.Release|Any CPU.ActiveCfg = Release|Any CPU
		{47E28AC1-44B7-4CC4-BDA6-EF2553008464}.Release|Any CPU.Build.0 = Release|Any CPU
		{AA82A1F2-5ABA-4E1D-B276-A53A8EF8E332}.Debug|Any CPU.ActiveCfg = Debug|Any CPU
		{AA82A1F2-5ABA-4E1D-B276-A53A8EF8E332}.Debug|Any CPU.Build.0 = Debug|Any CPU
		{AA82A1F2-5ABA-4E1D-B276-A53A8EF8E332}.Release|Any CPU.ActiveCfg = Release|Any CPU
		{AA82A1F2-5ABA-4E1D-B276-A53A8EF8E332}.Release|Any CPU.Build.0 = Release|Any CPU
		{946DFB1F-A6B3-4A4E-8CDE-0E7432AF9038}.Debug|Any CPU.ActiveCfg = Debug|Any CPU
		{946DFB1F-A6B3-4A4E-8CDE-0E7432AF9038}.Debug|Any CPU.Build.0 = Debug|Any CPU
		{946DFB1F-A6B3-4A4E-8CDE-0E7432AF9038}.Release|Any CPU.ActiveCfg = Release|Any CPU
		{946DFB1F-A6B3-4A4E-8CDE-0E7432AF9038}.Release|Any CPU.Build.0 = Release|Any CPU
		{75642383-EA6D-4E21-AFC0-93FEA4C50413}.Debug|Any CPU.ActiveCfg = Debug|Any CPU
		{75642383-EA6D-4E21-AFC0-93FEA4C50413}.Debug|Any CPU.Build.0 = Debug|Any CPU
		{75642383-EA6D-4E21-AFC0-93FEA4C50413}.Release|Any CPU.ActiveCfg = Release|Any CPU
		{75642383-EA6D-4E21-AFC0-93FEA4C50413}.Release|Any CPU.Build.0 = Release|Any CPU
		{1850DB9F-B2AB-4B8D-9C74-5687D4717C36}.Debug|Any CPU.ActiveCfg = Debug|Any CPU
		{1850DB9F-B2AB-4B8D-9C74-5687D4717C36}.Debug|Any CPU.Build.0 = Debug|Any CPU
		{1850DB9F-B2AB-4B8D-9C74-5687D4717C36}.Release|Any CPU.ActiveCfg = Release|Any CPU
		{1850DB9F-B2AB-4B8D-9C74-5687D4717C36}.Release|Any CPU.Build.0 = Release|Any CPU
	EndGlobalSection
	GlobalSection(SolutionProperties) = preSolution
		HideSolutionNode = FALSE
	EndGlobalSection
	GlobalSection(NestedProjects) = preSolution
		{47E28AC1-44B7-4CC4-BDA6-EF2553008464} = {F8EF63A9-71F6-434A-B8EB-81754C3E8FD7}
		{AA82A1F2-5ABA-4E1D-B276-A53A8EF8E332} = {F8EF63A9-71F6-434A-B8EB-81754C3E8FD7}
	EndGlobalSection
EndGlobal
